
Microsoft Visual Studio Solution File, Format Version 12.00
# Visual Studio 15
VisualStudioVersion = 15.0.26730.12
MinimumVisualStudioVersion = 10.0.40219.1
Project("{FAE04EC0-301F-11D3-BF4B-00C04F79EFBC}") = "PenteXP", "PenteXP\PenteXP.csproj", "{F8977FF5-4818-40C9-996E-96FF80517639}"
EndProject
Project("{FAE04EC0-301F-11D3-BF4B-00C04F79EFBC}") = "PenteTests", "PenteTests\PenteTests.csproj", "{92D4A1A9-B209-4260-8A38-97FA73B8574F}"
EndProject
Global
	GlobalSection(SolutionConfigurationPlatforms) = preSolution
		Debug|Any CPU = Debug|Any CPU
		Release|Any CPU = Release|Any CPU
	EndGlobalSection
	GlobalSection(ProjectConfigurationPlatforms) = postSolution
		{F8977FF5-4818-40C9-996E-96FF80517639}.Debug|Any CPU.ActiveCfg = Debug|Any CPU
		{F8977FF5-4818-40C9-996E-96FF80517639}.Debug|Any CPU.Build.0 = Debug|Any CPU
		{F8977FF5-4818-40C9-996E-96FF80517639}.Release|Any CPU.ActiveCfg = Release|Any CPU
		{F8977FF5-4818-40C9-996E-96FF80517639}.Release|Any CPU.Build.0 = Release|Any CPU
		{92D4A1A9-B209-4260-8A38-97FA73B8574F}.Debug|Any CPU.ActiveCfg = Debug|Any CPU
		{92D4A1A9-B209-4260-8A38-97FA73B8574F}.Debug|Any CPU.Build.0 = Debug|Any CPU
		{92D4A1A9-B209-4260-8A38-97FA73B8574F}.Release|Any CPU.ActiveCfg = Release|Any CPU
		{92D4A1A9-B209-4260-8A38-97FA73B8574F}.Release|Any CPU.Build.0 = Release|Any CPU
	EndGlobalSection
	GlobalSection(SolutionProperties) = preSolution
		HideSolutionNode = FALSE
	EndGlobalSection
	GlobalSection(ExtensibilityGlobals) = postSolution
		SolutionGuid = {53286D03-FB41-4601-AFA8-DA35974308FB}
	EndGlobalSection
EndGlobal
